
Microsoft Visual Studio Solution File, Format Version 12.00
# Visual Studio Version 16
VisualStudioVersion = 16.0.31129.286
MinimumVisualStudioVersion = 10.0.40219.1
Project("{9A19103F-16F7-4668-BE54-9A1E7A4F7556}") = "Taskstruct", "Taskstruct.csproj", "{DF1D7EF4-4F34-47FF-B4EB-C7D9D453EB0A}"
EndProject
Global
	GlobalSection(SolutionConfigurationPlatforms) = preSolution
		Debug|Any CPU = Debug|Any CPU
		Release|Any CPU = Release|Any CPU
	EndGlobalSection
	GlobalSection(ProjectConfigurationPlatforms) = postSolution
		{DF1D7EF4-4F34-47FF-B4EB-C7D9D453EB0A}.Debug|Any CPU.ActiveCfg = Debug|Any CPU
		{DF1D7EF4-4F34-47FF-B4EB-C7D9D453EB0A}.Debug|Any CPU.Build.0 = Debug|Any CPU
		{DF1D7EF4-4F34-47FF-B4EB-C7D9D453EB0A}.Release|Any CPU.ActiveCfg = Release|Any CPU
		{DF1D7EF4-4F34-47FF-B4EB-C7D9D453EB0A}.Release|Any CPU.Build.0 = Release|Any CPU
	EndGlobalSection
	GlobalSection(SolutionProperties) = preSolution
		HideSolutionNode = FALSE
	EndGlobalSection
	GlobalSection(ExtensibilityGlobals) = postSolution
		SolutionGuid = {30485596-6672-4024-A7CE-F2FA769F3DCC}
	EndGlobalSection
EndGlobal
